
Microsoft Visual Studio Solution File, Format Version 12.00
# Visual Studio Version 16
VisualStudioVersion = 16.0.30804.86
MinimumVisualStudioVersion = 10.0.40219.1
Project("{FAE04EC0-301F-11D3-BF4B-00C04F79EFBC}") = "IteratorToEnumeratorPattern", "IteratorToEnumeratorPattern\IteratorToEnumeratorPattern.csproj", "{7FD5BDDA-7569-40B8-80A7-99BC8C05DE8C}"
EndProject
Project("{FAE04EC0-301F-11D3-BF4B-00C04F79EFBC}") = "IteratorToEnumeratorPatternTests", "IteratorToEnumeratorPatternTests\IteratorToEnumeratorPatternTests.csproj", "{95CD590D-844C-482D-BF66-6C50D76EFA8F}"
EndProject
Global
	GlobalSection(SolutionConfigurationPlatforms) = preSolution
		Debug|Any CPU = Debug|Any CPU
		Release|Any CPU = Release|Any CPU
	EndGlobalSection
	GlobalSection(ProjectConfigurationPlatforms) = postSolution
		{7FD5BDDA-7569-40B8-80A7-99BC8C05DE8C}.Debug|Any CPU.ActiveCfg = Debug|Any CPU
		{7FD5BDDA-7569-40B8-80A7-99BC8C05DE8C}.Debug|Any CPU.Build.0 = Debug|Any CPU
		{7FD5BDDA-7569-40B8-80A7-99BC8C05DE8C}.Release|Any CPU.ActiveCfg = Release|Any CPU
		{7FD5BDDA-7569-40B8-80A7-99BC8C05DE8C}.Release|Any CPU.Build.0 = Release|Any CPU
		{95CD590D-844C-482D-BF66-6C50D76EFA8F}.Debug|Any CPU.ActiveCfg = Debug|Any CPU
		{95CD590D-844C-482D-BF66-6C50D76EFA8F}.Debug|Any CPU.Build.0 = Debug|Any CPU
		{95CD590D-844C-482D-BF66-6C50D76EFA8F}.Release|Any CPU.ActiveCfg = Release|Any CPU
		{95CD590D-844C-482D-BF66-6C50D76EFA8F}.Release|Any CPU.Build.0 = Release|Any CPU
	EndGlobalSection
	GlobalSection(SolutionProperties) = preSolution
		HideSolutionNode = FALSE
	EndGlobalSection
	GlobalSection(ExtensibilityGlobals) = postSolution
		SolutionGuid = {47C1E8B4-8FE4-4186-9673-3631630D3100}
	EndGlobalSection
EndGlobal
